
Microsoft Visual Studio Solution File, Format Version 12.00
# Visual Studio Version 16
VisualStudioVersion = 16.0.31019.35
MinimumVisualStudioVersion = 10.0.40219.1
Project("{9A19103F-16F7-4668-BE54-9A1E7A4F7556}") = "OHWeather", "OHWeather.csproj", "{845FB8C0-1F06-4389-A353-DB20569CD4A6}"
EndProject
Project("{9A19103F-16F7-4668-BE54-9A1E7A4F7556}") = "OHWeather.Data", "..\OHWeather.Data\OHWeather.Data.csproj", "{175DE21D-CE87-45E4-9D04-A3A946CD0A2B}"
EndProject
Project("{9A19103F-16F7-4668-BE54-9A1E7A4F7556}") = "OHWeather.Test", "..\OHWeather.Test\OHWeather.Test.csproj", "{73C76A36-44FF-4828-AF56-E53F0D4D851F}"
EndProject
Project("{FAE04EC0-301F-11D3-BF4B-00C04F79EFBC}") = "OHWeather.Core", "..\OHWeather.Core\OHWeather.Core.csproj", "{FF7FAEF2-B77C-4FBF-AC33-D0DD3832EBE7}"
EndProject
Global
	GlobalSection(SolutionConfigurationPlatforms) = preSolution
		Debug|Any CPU = Debug|Any CPU
		Release|Any CPU = Release|Any CPU
	EndGlobalSection
	GlobalSection(ProjectConfigurationPlatforms) = postSolution
		{845FB8C0-1F06-4389-A353-DB20569CD4A6}.Debug|Any CPU.ActiveCfg = Debug|Any CPU
		{845FB8C0-1F06-4389-A353-DB20569CD4A6}.Debug|Any CPU.Build.0 = Debug|Any CPU
		{845FB8C0-1F06-4389-A353-DB20569CD4A6}.Release|Any CPU.ActiveCfg = Release|Any CPU
		{845FB8C0-1F06-4389-A353-DB20569CD4A6}.Release|Any CPU.Build.0 = Release|Any CPU
		{175DE21D-CE87-45E4-9D04-A3A946CD0A2B}.Debug|Any CPU.ActiveCfg = Debug|Any CPU
		{175DE21D-CE87-45E4-9D04-A3A946CD0A2B}.Debug|Any CPU.Build.0 = Debug|Any CPU
		{175DE21D-CE87-45E4-9D04-A3A946CD0A2B}.Release|Any CPU.ActiveCfg = Release|Any CPU
		{175DE21D-CE87-45E4-9D04-A3A946CD0A2B}.Release|Any CPU.Build.0 = Release|Any CPU
		{73C76A36-44FF-4828-AF56-E53F0D4D851F}.Debug|Any CPU.ActiveCfg = Debug|Any CPU
		{73C76A36-44FF-4828-AF56-E53F0D4D851F}.Debug|Any CPU.Build.0 = Debug|Any CPU
		{73C76A36-44FF-4828-AF56-E53F0D4D851F}.Release|Any CPU.ActiveCfg = Release|Any CPU
		{73C76A36-44FF-4828-AF56-E53F0D4D851F}.Release|Any CPU.Build.0 = Release|Any CPU
		{FF7FAEF2-B77C-4FBF-AC33-D0DD3832EBE7}.Debug|Any CPU.ActiveCfg = Debug|Any CPU
		{FF7FAEF2-B77C-4FBF-AC33-D0DD3832EBE7}.Debug|Any CPU.Build.0 = Debug|Any CPU
		{FF7FAEF2-B77C-4FBF-AC33-D0DD3832EBE7}.Release|Any CPU.ActiveCfg = Release|Any CPU
		{FF7FAEF2-B77C-4FBF-AC33-D0DD3832EBE7}.Release|Any CPU.Build.0 = Release|Any CPU
	EndGlobalSection
	GlobalSection(SolutionProperties) = preSolution
		HideSolutionNode = FALSE
	EndGlobalSection
	GlobalSection(ExtensibilityGlobals) = postSolution
		SolutionGuid = {22F2D7AB-97D0-425B-84B2-56022A03B3FD}
	EndGlobalSection
EndGlobal
